
Microsoft Visual Studio Solution File, Format Version 12.00
# Visual Studio Version 17
VisualStudioVersion = 17.3.32929.385
MinimumVisualStudioVersion = 10.0.40219.1
Project("{FAE04EC0-301F-11D3-BF4B-00C04F79EFBC}") = "ConsoleApp1", "ConsoleApp1\ConsoleApp1.csproj", "{0BD387C5-2836-4856-BAB6-6F088464EF9D}"
EndProject
Global
	GlobalSection(SolutionConfigurationPlatforms) = preSolution
		Debug|Any CPU = Debug|Any CPU
		Release|Any CPU = Release|Any CPU
	EndGlobalSection
	GlobalSection(ProjectConfigurationPlatforms) = postSolution
		{0BD387C5-2836-4856-BAB6-6F088464EF9D}.Debug|Any CPU.ActiveCfg = Debug|Any CPU
		{0BD387C5-2836-4856-BAB6-6F088464EF9D}.Debug|Any CPU.Build.0 = Debug|Any CPU
		{0BD387C5-2836-4856-BAB6-6F088464EF9D}.Release|Any CPU.ActiveCfg = Release|Any CPU
		{0BD387C5-2836-4856-BAB6-6F088464EF9D}.Release|Any CPU.Build.0 = Release|Any CPU
	EndGlobalSection
	GlobalSection(SolutionProperties) = preSolution
		HideSolutionNode = FALSE
	EndGlobalSection
	GlobalSection(ExtensibilityGlobals) = postSolution
		SolutionGuid = {C75DBF42-7920-4ABB-9A89-C145FBFD5B58}
	EndGlobalSection
EndGlobal
